
Microsoft Visual Studio Solution File, Format Version 12.00
# Visual Studio Version 16
VisualStudioVersion = 16.0.32413.511
MinimumVisualStudioVersion = 10.0.40219.1
Project("{FAE04EC0-301F-11D3-BF4B-00C04F79EFBC}") = "SwitchingViewsMVVM", "SwitchingViewsMVVM\SwitchingViewsMVVM.csproj", "{8F30D0E2-22CE-491F-B569-5060A67517F4}"
EndProject
Project("{FAE04EC0-301F-11D3-BF4B-00C04F79EFBC}") = "AnalogClockControl", "AnalogClockControl\AnalogClockControl.csproj", "{6D38AB0D-D738-4BFF-9C08-2FA3F7551AF0}"
EndProject
Global
	GlobalSection(SolutionConfigurationPlatforms) = preSolution
		Debug|Any CPU = Debug|Any CPU
		Release|Any CPU = Release|Any CPU
	EndGlobalSection
	GlobalSection(ProjectConfigurationPlatforms) = postSolution
		{8F30D0E2-22CE-491F-B569-5060A67517F4}.Debug|Any CPU.ActiveCfg = Debug|Any CPU
		{8F30D0E2-22CE-491F-B569-5060A67517F4}.Debug|Any CPU.Build.0 = Debug|Any CPU
		{8F30D0E2-22CE-491F-B569-5060A67517F4}.Release|Any CPU.ActiveCfg = Release|Any CPU
		{8F30D0E2-22CE-491F-B569-5060A67517F4}.Release|Any CPU.Build.0 = Release|Any CPU
		{6D38AB0D-D738-4BFF-9C08-2FA3F7551AF0}.Debug|Any CPU.ActiveCfg = Debug|Any CPU
		{6D38AB0D-D738-4BFF-9C08-2FA3F7551AF0}.Debug|Any CPU.Build.0 = Debug|Any CPU
		{6D38AB0D-D738-4BFF-9C08-2FA3F7551AF0}.Release|Any CPU.ActiveCfg = Release|Any CPU
		{6D38AB0D-D738-4BFF-9C08-2FA3F7551AF0}.Release|Any CPU.Build.0 = Release|Any CPU
	EndGlobalSection
	GlobalSection(SolutionProperties) = preSolution
		HideSolutionNode = FALSE
	EndGlobalSection
	GlobalSection(ExtensibilityGlobals) = postSolution
		SolutionGuid = {86F2E713-CFC8-4B39-A943-F5914BC60639}
	EndGlobalSection
EndGlobal
